
Microsoft Visual Studio Solution File, Format Version 12.00
# Visual Studio 15
VisualStudioVersion = 15.0.26730.8
MinimumVisualStudioVersion = 10.0.40219.1
Project("{FAE04EC0-301F-11D3-BF4B-00C04F79EFBC}") = "Raph.DecimalNow", "Raph.DecimalNow\Raph.DecimalNow.csproj", "{3C3239C0-7199-473A-AC29-2F2B99100393}"
EndProject
Global
	GlobalSection(SolutionConfigurationPlatforms) = preSolution
		Debug|Any CPU = Debug|Any CPU
		Release|Any CPU = Release|Any CPU
	EndGlobalSection
	GlobalSection(ProjectConfigurationPlatforms) = postSolution
		{3C3239C0-7199-473A-AC29-2F2B99100393}.Debug|Any CPU.ActiveCfg = Debug|Any CPU
		{3C3239C0-7199-473A-AC29-2F2B99100393}.Debug|Any CPU.Build.0 = Debug|Any CPU
		{3C3239C0-7199-473A-AC29-2F2B99100393}.Release|Any CPU.ActiveCfg = Release|Any CPU
		{3C3239C0-7199-473A-AC29-2F2B99100393}.Release|Any CPU.Build.0 = Release|Any CPU
	EndGlobalSection
	GlobalSection(SolutionProperties) = preSolution
		HideSolutionNode = FALSE
	EndGlobalSection
	GlobalSection(ExtensibilityGlobals) = postSolution
		SolutionGuid = {B4D6632D-6AEF-4379-A0B1-72D4CEDF3BAB}
	EndGlobalSection
EndGlobal
